// !$*UTF8*$!
{
	archiveVersion = 1;
	classes = {
	};
	objectVersion = 56;
	objects = {

/* Begin PBXBuildFile section */
		690DB3382A751B01000FDC77 /* ManualLocationManager.swift in Sources */ = {isa = PBXBuildFile; fileRef = 690DB3372A751B01000FDC77 /* ManualLocationManager.swift */; };
		690DB33A2A78A6EC000FDC77 /* MainWeatherCard.swift in Sources */ = {isa = PBXBuildFile; fileRef = 690DB3392A78A6EC000FDC77 /* MainWeatherCard.swift */; };
		690DB33C2A78A85C000FDC77 /* WeatherCard2.swift in Sources */ = {isa = PBXBuildFile; fileRef = 690DB33B2A78A85C000FDC77 /* WeatherCard2.swift */; };
		6932D3D12A8F3BA10062C6C6 /* DailyTemperature.swift in Sources */ = {isa = PBXBuildFile; fileRef = 6932D3D02A8F3BA10062C6C6 /* DailyTemperature.swift */; };
		6932D3D32A8F3BED0062C6C6 /* WeatherFetcher.swift in Sources */ = {isa = PBXBuildFile; fileRef = 6932D3D22A8F3BED0062C6C6 /* WeatherFetcher.swift */; };
		6932D3D52A90F66C0062C6C6 /* WeatherConditionsBtn.swift in Sources */ = {isa = PBXBuildFile; fileRef = 6932D3D42A90F66C0062C6C6 /* WeatherConditionsBtn.swift */; };
		6932D3D72A9381DD0062C6C6 /* SettingsView.swift in Sources */ = {isa = PBXBuildFile; fileRef = 6932D3D62A9381DD0062C6C6 /* SettingsView.swift */; };
		6932D3D92A95AD690062C6C6 /* ChartComponent.swift in Sources */ = {isa = PBXBuildFile; fileRef = 6932D3D82A95AD690062C6C6 /* ChartComponent.swift */; };
		6932D3DB2A95E4A50062C6C6 /* WeatherPicker.swift in Sources */ = {isa = PBXBuildFile; fileRef = 6932D3DA2A95E4A50062C6C6 /* WeatherPicker.swift */; };
		6932D3DD2A96041B0062C6C6 /* EmoViewModel.swift in Sources */ = {isa = PBXBuildFile; fileRef = 6932D3DC2A96041B0062C6C6 /* EmoViewModel.swift */; };
		69BD74882A59948800492590 /* WeeklyCard.swift in Sources */ = {isa = PBXBuildFile; fileRef = 69BD74872A59948800492590 /* WeeklyCard.swift */; };
		69C173FD2A595B5900EC91E1 /* Sunny_Side_UpApp.swift in Sources */ = {isa = PBXBuildFile; fileRef = 69C173FC2A595B5900EC91E1 /* Sunny_Side_UpApp.swift */; };
		69C173FF2A595B5900EC91E1 /* ContentView.swift in Sources */ = {isa = PBXBuildFile; fileRef = 69C173FE2A595B5900EC91E1 /* ContentView.swift */; };
		69C174012A595B5B00EC91E1 /* Assets.xcassets in Resources */ = {isa = PBXBuildFile; fileRef = 69C174002A595B5B00EC91E1 /* Assets.xcassets */; };
		69C174042A595B5B00EC91E1 /* Preview Assets.xcassets in Resources */ = {isa = PBXBuildFile; fileRef = 69C174032A595B5B00EC91E1 /* Preview Assets.xcassets */; };
		69C1740B2A59826D00EC91E1 /* HourlyCard.swift in Sources */ = {isa = PBXBuildFile; fileRef = 69C1740A2A59826D00EC91E1 /* HourlyCard.swift */; };
		69CD5DC12A59D47E00DB2402 /* ConditionsCard.swift in Sources */ = {isa = PBXBuildFile; fileRef = 69CD5DC02A59D47E00DB2402 /* ConditionsCard.swift */; };
		69CD5DC32A59DE0100DB2402 /* HomeView.swift in Sources */ = {isa = PBXBuildFile; fileRef = 69CD5DC22A59DE0000DB2402 /* HomeView.swift */; };
		69CD5DC72A5A63E000DB2402 /* WeekView.swift in Sources */ = {isa = PBXBuildFile; fileRef = 69CD5DC62A5A63E000DB2402 /* WeekView.swift */; };
		69CD5DC92A5A63EB00DB2402 /* MapView.swift in Sources */ = {isa = PBXBuildFile; fileRef = 69CD5DC82A5A63EB00DB2402 /* MapView.swift */; };
		69CD5DCD2A5C264700DB2402 /* MapViewModel.swift in Sources */ = {isa = PBXBuildFile; fileRef = 69CD5DCC2A5C264700DB2402 /* MapViewModel.swift */; };
		69CD5DD12A60FFF600DB2402 /* LocalWeatherManager.swift in Sources */ = {isa = PBXBuildFile; fileRef = 69CD5DD02A60FFF600DB2402 /* LocalWeatherManager.swift */; };
		69CD5DD32A62C7A200DB2402 /* WeeklyChart.swift in Sources */ = {isa = PBXBuildFile; fileRef = 69CD5DD22A62C7A200DB2402 /* WeeklyChart.swift */; };
		69CD5DD52A67EFFC00DB2402 /* PrecipitationHour.swift in Sources */ = {isa = PBXBuildFile; fileRef = 69CD5DD42A67EFFC00DB2402 /* PrecipitationHour.swift */; };
		69CD5DD72A69557E00DB2402 /* MoonCard.swift in Sources */ = {isa = PBXBuildFile; fileRef = 69CD5DD62A69557E00DB2402 /* MoonCard.swift */; };
		69CD5DD92A6AAE9D00DB2402 /* HumidityHour.swift in Sources */ = {isa = PBXBuildFile; fileRef = 69CD5DD82A6AAE9D00DB2402 /* HumidityHour.swift */; };
		69CD5DDB2A713B0100DB2402 /* SearchPlacesView.swift in Sources */ = {isa = PBXBuildFile; fileRef = 69CD5DDA2A713B0100DB2402 /* SearchPlacesView.swift */; };
		69CD5DDD2A72605F00DB2402 /* Place.swift in Sources */ = {isa = PBXBuildFile; fileRef = 69CD5DDC2A72605F00DB2402 /* Place.swift */; };
		69CD5DDF2A726BC100DB2402 /* PlaceViewModel.swift in Sources */ = {isa = PBXBuildFile; fileRef = 69CD5DDE2A726BC100DB2402 /* PlaceViewModel.swift */; };
/* End PBXBuildFile section */

/* Begin PBXFileReference section */
		690DB3372A751B01000FDC77 /* ManualLocationManager.swift */ = {isa = PBXFileReference; lastKnownFileType = sourcecode.swift; path = ManualLocationManager.swift; sourceTree = "<group>"; };
		690DB3392A78A6EC000FDC77 /* MainWeatherCard.swift */ = {isa = PBXFileReference; lastKnownFileType = sourcecode.swift; path = MainWeatherCard.swift; sourceTree = "<group>"; };
		690DB33B2A78A85C000FDC77 /* WeatherCard2.swift */ = {isa = PBXFileReference; lastKnownFileType = sourcecode.swift; path = WeatherCard2.swift; sourceTree = "<group>"; };
		6932D3D02A8F3BA10062C6C6 /* DailyTemperature.swift */ = {isa = PBXFileReference; lastKnownFileType = sourcecode.swift; path = DailyTemperature.swift; sourceTree = "<group>"; };
		6932D3D22A8F3BED0062C6C6 /* WeatherFetcher.swift */ = {isa = PBXFileReference; lastKnownFileType = sourcecode.swift; path = WeatherFetcher.swift; sourceTree = "<group>"; };
		6932D3D42A90F66C0062C6C6 /* WeatherConditionsBtn.swift */ = {isa = PBXFileReference; lastKnownFileType = sourcecode.swift; path = WeatherConditionsBtn.swift; sourceTree = "<group>"; };
		6932D3D62A9381DD0062C6C6 /* SettingsView.swift */ = {isa = PBXFileReference; lastKnownFileType = sourcecode.swift; path = SettingsView.swift; sourceTree = "<group>"; };
		6932D3D82A95AD690062C6C6 /* ChartComponent.swift */ = {isa = PBXFileReference; lastKnownFileType = sourcecode.swift; path = ChartComponent.swift; sourceTree = "<group>"; };
		6932D3DA2A95E4A50062C6C6 /* WeatherPicker.swift */ = {isa = PBXFileReference; lastKnownFileType = sourcecode.swift; path = WeatherPicker.swift; sourceTree = "<group>"; };
		6932D3DC2A96041B0062C6C6 /* EmoViewModel.swift */ = {isa = PBXFileReference; lastKnownFileType = sourcecode.swift; path = EmoViewModel.swift; sourceTree = "<group>"; };
		69BD74872A59948800492590 /* WeeklyCard.swift */ = {isa = PBXFileReference; lastKnownFileType = sourcecode.swift; path = WeeklyCard.swift; sourceTree = "<group>"; };
		69C173F92A595B5900EC91E1 /* Sunny Side Up.app */ = {isa = PBXFileReference; explicitFileType = wrapper.application; includeInIndex = 0; path = "Sunny Side Up.app"; sourceTree = BUILT_PRODUCTS_DIR; };
		69C173FC2A595B5900EC91E1 /* Sunny_Side_UpApp.swift */ = {isa = PBXFileReference; lastKnownFileType = sourcecode.swift; path = Sunny_Side_UpApp.swift; sourceTree = "<group>"; };
		69C173FE2A595B5900EC91E1 /* ContentView.swift */ = {isa = PBXFileReference; lastKnownFileType = sourcecode.swift; path = ContentView.swift; sourceTree = "<group>"; };
		69C174002A595B5B00EC91E1 /* Assets.xcassets */ = {isa = PBXFileReference; lastKnownFileType = folder.assetcatalog; path = Assets.xcassets; sourceTree = "<group>"; };
		69C174032A595B5B00EC91E1 /* Preview Assets.xcassets */ = {isa = PBXFileReference; lastKnownFileType = folder.assetcatalog; path = "Preview Assets.xcassets"; sourceTree = "<group>"; };
		69C1740A2A59826D00EC91E1 /* HourlyCard.swift */ = {isa = PBXFileReference; lastKnownFileType = sourcecode.swift; path = HourlyCard.swift; sourceTree = "<group>"; };
		69CD5DC02A59D47E00DB2402 /* ConditionsCard.swift */ = {isa = PBXFileReference; lastKnownFileType = sourcecode.swift; path = ConditionsCard.swift; sourceTree = "<group>"; };
		69CD5DC22A59DE0000DB2402 /* HomeView.swift */ = {isa = PBXFileReference; lastKnownFileType = sourcecode.swift; path = HomeView.swift; sourceTree = "<group>"; };
		69CD5DC62A5A63E000DB2402 /* WeekView.swift */ = {isa = PBXFileReference; lastKnownFileType = sourcecode.swift; path = WeekView.swift; sourceTree = "<group>"; };
		69CD5DC82A5A63EB00DB2402 /* MapView.swift */ = {isa = PBXFileReference; lastKnownFileType = sourcecode.swift; path = MapView.swift; sourceTree = "<group>"; };
		69CD5DCA2A5BDE8400DB2402 /* Sunny Side Up.entitlements */ = {isa = PBXFileReference; lastKnownFileType = text.plist.entitlements; path = "Sunny Side Up.entitlements"; sourceTree = "<group>"; };
		69CD5DCB2A5C051500DB2402 /* Sunny-Side-Up-Info.plist */ = {isa = PBXFileReference; lastKnownFileType = text.plist; path = "Sunny-Side-Up-Info.plist"; sourceTree = SOURCE_ROOT; };
		69CD5DCC2A5C264700DB2402 /* MapViewModel.swift */ = {isa = PBXFileReference; lastKnownFileType = sourcecode.swift; path = MapViewModel.swift; sourceTree = "<group>"; };
		69CD5DD02A60FFF600DB2402 /* LocalWeatherManager.swift */ = {isa = PBXFileReference; lastKnownFileType = sourcecode.swift; path = LocalWeatherManager.swift; sourceTree = "<group>"; };
		69CD5DD22A62C7A200DB2402 /* WeeklyChart.swift */ = {isa = PBXFileReference; lastKnownFileType = sourcecode.swift; path = WeeklyChart.swift; sourceTree = "<group>"; };
		69CD5DD42A67EFFC00DB2402 /* PrecipitationHour.swift */ = {isa = PBXFileReference; lastKnownFileType = sourcecode.swift; path = PrecipitationHour.swift; sourceTree = "<group>"; };
		69CD5DD62A69557E00DB2402 /* MoonCard.swift */ = {isa = PBXFileReference; lastKnownFileType = sourcecode.swift; path = MoonCard.swift; sourceTree = "<group>"; };
		69CD5DD82A6AAE9D00DB2402 /* HumidityHour.swift */ = {isa = PBXFileReference; lastKnownFileType = sourcecode.swift; path = HumidityHour.swift; sourceTree = "<group>"; };
		69CD5DDA2A713B0100DB2402 /* SearchPlacesView.swift */ = {isa = PBXFileReference; lastKnownFileType = sourcecode.swift; path = SearchPlacesView.swift; sourceTree = "<group>"; };
		69CD5DDC2A72605F00DB2402 /* Place.swift */ = {isa = PBXFileReference; lastKnownFileType = sourcecode.swift; path = Place.swift; sourceTree = "<group>"; };
		69CD5DDE2A726BC100DB2402 /* PlaceViewModel.swift */ = {isa = PBXFileReference; lastKnownFileType = sourcecode.swift; path = PlaceViewModel.swift; sourceTree = "<group>"; };
/* End PBXFileReference section */

/* Begin PBXFrameworksBuildPhase section */
		69C173F62A595B5900EC91E1 /* Frameworks */ = {
			isa = PBXFrameworksBuildPhase;
			buildActionMask = 2147483647;
			files = (
			);
			runOnlyForDeploymentPostprocessing = 0;
		};
/* End PBXFrameworksBuildPhase section */

/* Begin PBXGroup section */
		6932D3CF2A8F3B710062C6C6 /* ChartStuff */ = {
			isa = PBXGroup;
			children = (
				6932D3D02A8F3BA10062C6C6 /* DailyTemperature.swift */,
				6932D3D22A8F3BED0062C6C6 /* WeatherFetcher.swift */,
				6932D3D42A90F66C0062C6C6 /* WeatherConditionsBtn.swift */,
				6932D3D82A95AD690062C6C6 /* ChartComponent.swift */,
				6932D3DA2A95E4A50062C6C6 /* WeatherPicker.swift */,
				6932D3DC2A96041B0062C6C6 /* EmoViewModel.swift */,
			);
			path = ChartStuff;
			sourceTree = "<group>";
		};
		69C173F02A595B5900EC91E1 = {
			isa = PBXGroup;
			children = (
				69C173FB2A595B5900EC91E1 /* Sunny Side Up */,
				69C173FA2A595B5900EC91E1 /* Products */,
			);
			sourceTree = "<group>";
		};
		69C173FA2A595B5900EC91E1 /* Products */ = {
			isa = PBXGroup;
			children = (
				69C173F92A595B5900EC91E1 /* Sunny Side Up.app */,
			);
			name = Products;
			sourceTree = "<group>";
		};
		69C173FB2A595B5900EC91E1 /* Sunny Side Up */ = {
			isa = PBXGroup;
			children = (
				6932D3CF2A8F3B710062C6C6 /* ChartStuff */,
				690DB3392A78A6EC000FDC77 /* MainWeatherCard.swift */,
				69CD5DCB2A5C051500DB2402 /* Sunny-Side-Up-Info.plist */,
				69CD5DCA2A5BDE8400DB2402 /* Sunny Side Up.entitlements */,
				69C173FC2A595B5900EC91E1 /* Sunny_Side_UpApp.swift */,
				69C173FE2A595B5900EC91E1 /* ContentView.swift */,
				69C174002A595B5B00EC91E1 /* Assets.xcassets */,
				69C174022A595B5B00EC91E1 /* Preview Content */,
				69C1740A2A59826D00EC91E1 /* HourlyCard.swift */,
				69BD74872A59948800492590 /* WeeklyCard.swift */,
				69CD5DC02A59D47E00DB2402 /* ConditionsCard.swift */,
				69CD5DC22A59DE0000DB2402 /* HomeView.swift */,
				69CD5DC62A5A63E000DB2402 /* WeekView.swift */,
				69CD5DC82A5A63EB00DB2402 /* MapView.swift */,
				69CD5DCC2A5C264700DB2402 /* MapViewModel.swift */,
				69CD5DD02A60FFF600DB2402 /* LocalWeatherManager.swift */,
				69CD5DD22A62C7A200DB2402 /* WeeklyChart.swift */,
				69CD5DD42A67EFFC00DB2402 /* PrecipitationHour.swift */,
				69CD5DD62A69557E00DB2402 /* MoonCard.swift */,
				69CD5DD82A6AAE9D00DB2402 /* HumidityHour.swift */,
				69CD5DDA2A713B0100DB2402 /* SearchPlacesView.swift */,
				69CD5DDC2A72605F00DB2402 /* Place.swift */,
				69CD5DDE2A726BC100DB2402 /* PlaceViewModel.swift */,
				690DB3372A751B01000FDC77 /* ManualLocationManager.swift */,
				690DB33B2A78A85C000FDC77 /* WeatherCard2.swift */,
				6932D3D62A9381DD0062C6C6 /* SettingsView.swift */,
			);
			path = "Sunny Side Up";
			sourceTree = "<group>";
		};
		69C174022A595B5B00EC91E1 /* Preview Content */ = {
			isa = PBXGroup;
			children = (
				69C174032A595B5B00EC91E1 /* Preview Assets.xcassets */,
			);
			path = "Preview Content";
			sourceTree = "<group>";
		};
/* End PBXGroup section */

/* Begin PBXNativeTarget section */
		69C173F82A595B5900EC91E1 /* Sunny Side Up */ = {
			isa = PBXNativeTarget;
			buildConfigurationList = 69C174072A595B5B00EC91E1 /* Build configuration list for PBXNativeTarget "Sunny Side Up" */;
			buildPhases = (
				69C173F52A595B5900EC91E1 /* Sources */,
				69C173F62A595B5900EC91E1 /* Frameworks */,
				69C173F72A595B5900EC91E1 /* Resources */,
			);
			buildRules = (
			);
			dependencies = (
			);
			name = "Sunny Side Up";
			productName = "Sunny Side Up";
			productReference = 69C173F92A595B5900EC91E1 /* Sunny Side Up.app */;
			productType = "com.apple.product-type.application";
		};
/* End PBXNativeTarget section */

/* Begin PBXProject section */
		69C173F12A595B5900EC91E1 /* Project object */ = {
			isa = PBXProject;
			attributes = {
				BuildIndependentTargetsInParallel = 1;
				LastSwiftUpdateCheck = 1430;
				LastUpgradeCheck = 1430;
				TargetAttributes = {
					69C173F82A595B5900EC91E1 = {
						CreatedOnToolsVersion = 14.3.1;
					};
				};
			};
			buildConfigurationList = 69C173F42A595B5900EC91E1 /* Build configuration list for PBXProject "Sunny Side Up" */;
			compatibilityVersion = "Xcode 14.0";
			developmentRegion = en;
			hasScannedForEncodings = 0;
			knownRegions = (
				en,
				Base,
			);
			mainGroup = 69C173F02A595B5900EC91E1;
			productRefGroup = 69C173FA2A595B5900EC91E1 /* Products */;
			projectDirPath = "";
			projectRoot = "";
			targets = (
				69C173F82A595B5900EC91E1 /* Sunny Side Up */,
			);
		};
/* End PBXProject section */

/* Begin PBXResourcesBuildPhase section */
		69C173F72A595B5900EC91E1 /* Resources */ = {
			isa = PBXResourcesBuildPhase;
			buildActionMask = 2147483647;
			files = (
				69C174042A595B5B00EC91E1 /* Preview Assets.xcassets in Resources */,
				69C174012A595B5B00EC91E1 /* Assets.xcassets in Resources */,
			);
			runOnlyForDeploymentPostprocessing = 0;
		};
/* End PBXResourcesBuildPhase section */

/* Begin PBXSourcesBuildPhase section */
		69C173F52A595B5900EC91E1 /* Sources */ = {
			isa = PBXSourcesBuildPhase;
			buildActionMask = 2147483647;
			files = (
				6932D3D12A8F3BA10062C6C6 /* DailyTemperature.swift in Sources */,
				69C173FF2A595B5900EC91E1 /* ContentView.swift in Sources */,
				69CD5DC92A5A63EB00DB2402 /* MapView.swift in Sources */,
				69CD5DC12A59D47E00DB2402 /* ConditionsCard.swift in Sources */,
				69C173FD2A595B5900EC91E1 /* Sunny_Side_UpApp.swift in Sources */,
				69CD5DD72A69557E00DB2402 /* MoonCard.swift in Sources */,
				690DB33C2A78A85C000FDC77 /* WeatherCard2.swift in Sources */,
				6932D3DD2A96041B0062C6C6 /* EmoViewModel.swift in Sources */,
				6932D3D92A95AD690062C6C6 /* ChartComponent.swift in Sources */,
				6932D3DB2A95E4A50062C6C6 /* WeatherPicker.swift in Sources */,
				69CD5DC72A5A63E000DB2402 /* WeekView.swift in Sources */,
				69CD5DDB2A713B0100DB2402 /* SearchPlacesView.swift in Sources */,
				6932D3D72A9381DD0062C6C6 /* SettingsView.swift in Sources */,
				69CD5DD92A6AAE9D00DB2402 /* HumidityHour.swift in Sources */,
				69CD5DC32A59DE0100DB2402 /* HomeView.swift in Sources */,
				69BD74882A59948800492590 /* WeeklyCard.swift in Sources */,
				6932D3D52A90F66C0062C6C6 /* WeatherConditionsBtn.swift in Sources */,
				69C1740B2A59826D00EC91E1 /* HourlyCard.swift in Sources */,
				69CD5DDD2A72605F00DB2402 /* Place.swift in Sources */,
				690DB33A2A78A6EC000FDC77 /* MainWeatherCard.swift in Sources */,
				69CD5DD12A60FFF600DB2402 /* LocalWeatherManager.swift in Sources */,
				6932D3D32A8F3BED0062C6C6 /* WeatherFetcher.swift in Sources */,
				69CD5DD32A62C7A200DB2402 /* WeeklyChart.swift in Sources */,
				690DB3382A751B01000FDC77 /* ManualLocationManager.swift in Sources */,
				69CD5DCD2A5C264700DB2402 /* MapViewModel.swift in Sources */,
				69CD5DDF2A726BC100DB2402 /* PlaceViewModel.swift in Sources */,
				69CD5DD52A67EFFC00DB2402 /* PrecipitationHour.swift in Sources */,
			);
			runOnlyForDeploymentPostprocessing = 0;
		};
/* End PBXSourcesBuildPhase section */

/* Begin XCBuildConfiguration section */
		69C174052A595B5B00EC91E1 /* Debug */ = {
			isa = XCBuildConfiguration;
			buildSettings = {
				ALWAYS_SEARCH_USER_PATHS = NO;
				CLANG_ANALYZER_NONNULL = YES;
				CLANG_ANALYZER_NUMBER_OBJECT_CONVERSION = YES_AGGRESSIVE;
				CLANG_CXX_LANGUAGE_STANDARD = "gnu++20";
				CLANG_ENABLE_MODULES = YES;
				CLANG_ENABLE_OBJC_ARC = YES;
				CLANG_ENABLE_OBJC_WEAK = YES;
				CLANG_WARN_BLOCK_CAPTURE_AUTORELEASING = YES;
				CLANG_WARN_BOOL_CONVERSION = YES;
				CLANG_WARN_COMMA = YES;
				CLANG_WARN_CONSTANT_CONVERSION = YES;
				CLANG_WARN_DEPRECATED_OBJC_IMPLEMENTATIONS = YES;
				CLANG_WARN_DIRECT_OBJC_ISA_USAGE = YES_ERROR;
				CLANG_WARN_DOCUMENTATION_COMMENTS = YES;
				CLANG_WARN_EMPTY_BODY = YES;
				CLANG_WARN_ENUM_CONVERSION = YES;
				CLANG_WARN_INFINITE_RECURSION = YES;
				CLANG_WARN_INT_CONVERSION = YES;
				CLANG_WARN_NON_LITERAL_NULL_CONVERSION = YES;
				CLANG_WARN_OBJC_IMPLICIT_RETAIN_SELF = YES;
				CLANG_WARN_OBJC_LITERAL_CONVERSION = YES;
				CLANG_WARN_OBJC_ROOT_CLASS = YES_ERROR;
				CLANG_WARN_QUOTED_INCLUDE_IN_FRAMEWORK_HEADER = YES;
				CLANG_WARN_RANGE_LOOP_ANALYSIS = YES;
				CLANG_WARN_STRICT_PROTOTYPES = YES;
				CLANG_WARN_SUSPICIOUS_MOVE = YES;
				CLANG_WARN_UNGUARDED_AVAILABILITY = YES_AGGRESSIVE;
				CLANG_WARN_UNREACHABLE_CODE = YES;
				CLANG_WARN__DUPLICATE_METHOD_MATCH = YES;
				COPY_PHASE_STRIP = NO;
				DEBUG_INFORMATION_FORMAT = dwarf;
				ENABLE_STRICT_OBJC_MSGSEND = YES;
				ENABLE_TESTABILITY = YES;
				GCC_C_LANGUAGE_STANDARD = gnu11;
				GCC_DYNAMIC_NO_PIC = NO;
				GCC_NO_COMMON_BLOCKS = YES;
				GCC_OPTIMIZATION_LEVEL = 0;
				GCC_PREPROCESSOR_DEFINITIONS = (
					"DEBUG=1",
					"$(inherited)",
				);
				GCC_WARN_64_TO_32_BIT_CONVERSION = YES;
				GCC_WARN_ABOUT_RETURN_TYPE = YES_ERROR;
				GCC_WARN_UNDECLARED_SELECTOR = YES;
				GCC_WARN_UNINITIALIZED_AUTOS = YES_AGGRESSIVE;
				GCC_WARN_UNUSED_FUNCTION = YES;
				GCC_WARN_UNUSED_VARIABLE = YES;
				IPHONEOS_DEPLOYMENT_TARGET = 16.4;
				MTL_ENABLE_DEBUG_INFO = INCLUDE_SOURCE;
				MTL_FAST_MATH = YES;
				ONLY_ACTIVE_ARCH = YES;
				SDKROOT = iphoneos;
				SWIFT_ACTIVE_COMPILATION_CONDITIONS = DEBUG;
				SWIFT_OPTIMIZATION_LEVEL = "-Onone";
			};
			name = Debug;
		};
		69C174062A595B5B00EC91E1 /* Release */ = {
			isa = XCBuildConfiguration;
			buildSettings = {
				ALWAYS_SEARCH_USER_PATHS = NO;
				CLANG_ANALYZER_NONNULL = YES;
				CLANG_ANALYZER_NUMBER_OBJECT_CONVERSION = YES_AGGRESSIVE;
				CLANG_CXX_LANGUAGE_STANDARD = "gnu++20";
				CLANG_ENABLE_MODULES = YES;
				CLANG_ENABLE_OBJC_ARC = YES;
				CLANG_ENABLE_OBJC_WEAK = YES;
				CLANG_WARN_BLOCK_CAPTURE_AUTORELEASING = YES;
				CLANG_WARN_BOOL_CONVERSION = YES;
				CLANG_WARN_COMMA = YES;
				CLANG_WARN_CONSTANT_CONVERSION = YES;
				CLANG_WARN_DEPRECATED_OBJC_IMPLEMENTATIONS = YES;
				CLANG_WARN_DIRECT_OBJC_ISA_USAGE = YES_ERROR;
				CLANG_WARN_DOCUMENTATION_COMMENTS = YES;
				CLANG_WARN_EMPTY_BODY = YES;
				CLANG_WARN_ENUM_CONVERSION = YES;
				CLANG_WARN_INFINITE_RECURSION = YES;
				CLANG_WARN_INT_CONVERSION = YES;
				CLANG_WARN_NON_LITERAL_NULL_CONVERSION = YES;
				CLANG_WARN_OBJC_IMPLICIT_RETAIN_SELF = YES;
				CLANG_WARN_OBJC_LITERAL_CONVERSION = YES;
				CLANG_WARN_OBJC_ROOT_CLASS = YES_ERROR;
				CLANG_WARN_QUOTED_INCLUDE_IN_FRAMEWORK_HEADER = YES;
				CLANG_WARN_RANGE_LOOP_ANALYSIS = YES;
				CLANG_WARN_STRICT_PROTOTYPES = YES;
				CLANG_WARN_SUSPICIOUS_MOVE = YES;
				CLANG_WARN_UNGUARDED_AVAILABILITY = YES_AGGRESSIVE;
				CLANG_WARN_UNREACHABLE_CODE = YES;
				CLANG_WARN__DUPLICATE_METHOD_MATCH = YES;
				COPY_PHASE_STRIP = NO;
				DEBUG_INFORMATION_FORMAT = "dwarf-with-dsym";
				ENABLE_NS_ASSERTIONS = NO;
				ENABLE_STRICT_OBJC_MSGSEND = YES;
				GCC_C_LANGUAGE_STANDARD = gnu11;
				GCC_NO_COMMON_BLOCKS = YES;
				GCC_WARN_64_TO_32_BIT_CONVERSION = YES;
				GCC_WARN_ABOUT_RETURN_TYPE = YES_ERROR;
				GCC_WARN_UNDECLARED_SELECTOR = YES;
				GCC_WARN_UNINITIALIZED_AUTOS = YES_AGGRESSIVE;
				GCC_WARN_UNUSED_FUNCTION = YES;
				GCC_WARN_UNUSED_VARIABLE = YES;
				IPHONEOS_DEPLOYMENT_TARGET = 16.4;
				MTL_ENABLE_DEBUG_INFO = NO;
				MTL_FAST_MATH = YES;
				SDKROOT = iphoneos;
				SWIFT_COMPILATION_MODE = wholemodule;
				SWIFT_OPTIMIZATION_LEVEL = "-O";
				VALIDATE_PRODUCT = YES;
			};
			name = Release;
		};
		69C174082A595B5B00EC91E1 /* Debug */ = {
			isa = XCBuildConfiguration;
			buildSettings = {
				ASSETCATALOG_COMPILER_APPICON_NAME = AppIcon;
				ASSETCATALOG_COMPILER_GLOBAL_ACCENT_COLOR_NAME = AccentColor;
				CODE_SIGN_ENTITLEMENTS = "Sunny Side Up/Sunny Side Up.entitlements";
				CODE_SIGN_STYLE = Automatic;
				CURRENT_PROJECT_VERSION = 12;
				DEVELOPMENT_ASSET_PATHS = "\"Sunny Side Up/Preview Content\"";
				DEVELOPMENT_TEAM = 4WM2BL94N5;
				ENABLE_PREVIEWS = YES;
				GENERATE_INFOPLIST_FILE = YES;
				INFOPLIST_FILE = "Sunny-Side-Up-Info.plist";
				INFOPLIST_KEY_CFBundleDisplayName = "Sunny Side Up - Weather Forecast";
				INFOPLIST_KEY_LSApplicationCategoryType = "public.app-category.weather";
				INFOPLIST_KEY_NSLocationWhenInUseUsageDescription = "This app needs your location to show your weather";
				INFOPLIST_KEY_UIApplicationSceneManifest_Generation = YES;
				INFOPLIST_KEY_UIApplicationSupportsIndirectInputEvents = YES;
				INFOPLIST_KEY_UILaunchScreen_Generation = YES;
				INFOPLIST_KEY_UIRequiresFullScreen = YES;
				INFOPLIST_KEY_UIStatusBarStyle = UIStatusBarStyleDarkContent;
				INFOPLIST_KEY_UISupportedInterfaceOrientations = UIInterfaceOrientationPortrait;
				INFOPLIST_KEY_UISupportedInterfaceOrientations_iPad = "UIInterfaceOrientationPortrait UIInterfaceOrientationPortraitUpsideDown";
				IPHONEOS_DEPLOYMENT_TARGET = 16.0;
				LD_RUNPATH_SEARCH_PATHS = (
					"$(inherited)",
					"@executable_path/Frameworks",
				);
				MARKETING_VERSION = 0.3;
				PRODUCT_BUNDLE_IDENTIFIER = "app.mayurpchow.Sunny-Side-Up";
				PRODUCT_NAME = "$(TARGET_NAME)";
				SWIFT_EMIT_LOC_STRINGS = YES;
				SWIFT_VERSION = 5.0;
				TARGETED_DEVICE_FAMILY = "1,2";
			};
			name = Debug;
		};
		69C174092A595B5B00EC91E1 /* Release */ = {
			isa = XCBuildConfiguration;
			buildSettings = {
				ASSETCATALOG_COMPILER_APPICON_NAME = AppIcon;
				ASSETCATALOG_COMPILER_GLOBAL_ACCENT_COLOR_NAME = AccentColor;
				CODE_SIGN_ENTITLEMENTS = "Sunny Side Up/Sunny Side Up.entitlements";
				CODE_SIGN_STYLE = Automatic;
				CURRENT_PROJECT_VERSION = 12;
				DEVELOPMENT_ASSET_PATHS = "\"Sunny Side Up/Preview Content\"";
				DEVELOPMENT_TEAM = 4WM2BL94N5;
				ENABLE_PREVIEWS = YES;
				GENERATE_INFOPLIST_FILE = YES;
				INFOPLIST_FILE = "Sunny-Side-Up-Info.plist";
				INFOPLIST_KEY_CFBundleDisplayName = "Sunny Side Up - Weather Forecast";
				INFOPLIST_KEY_LSApplicationCategoryType = "public.app-category.weather";
				INFOPLIST_KEY_NSLocationWhenInUseUsageDescription = "This app needs your location to show your weather";
				INFOPLIST_KEY_UIApplicationSceneManifest_Generation = YES;
				INFOPLIST_KEY_UIApplicationSupportsIndirectInputEvents = YES;
				INFOPLIST_KEY_UILaunchScreen_Generation = YES;
				INFOPLIST_KEY_UIRequiresFullScreen = YES;
				INFOPLIST_KEY_UIStatusBarStyle = UIStatusBarStyleDarkContent;
				INFOPLIST_KEY_UISupportedInterfaceOrientations = UIInterfaceOrientationPortrait;
				INFOPLIST_KEY_UISupportedInterfaceOrientations_iPad = "UIInterfaceOrientationPortrait UIInterfaceOrientationPortraitUpsideDown";
				IPHONEOS_DEPLOYMENT_TARGET = 16.0;
				LD_RUNPATH_SEARCH_PATHS = (
					"$(inherited)",
					"@executable_path/Frameworks",
				);
				MARKETING_VERSION = 0.3;
				PRODUCT_BUNDLE_IDENTIFIER = "app.mayurpchow.Sunny-Side-Up";
				PRODUCT_NAME = "$(TARGET_NAME)";
				SWIFT_EMIT_LOC_STRINGS = YES;
				SWIFT_VERSION = 5.0;
				TARGETED_DEVICE_FAMILY = "1,2";
			};
			name = Release;
		};
/* End XCBuildConfiguration section */

/* Begin XCConfigurationList section */
		69C173F42A595B5900EC91E1 /* Build configuration list for PBXProject "Sunny Side Up" */ = {
			isa = XCConfigurationList;
			buildConfigurations = (
				69C174052A595B5B00EC91E1 /* Debug */,
				69C174062A595B5B00EC91E1 /* Release */,
			);
			defaultConfigurationIsVisible = 0;
			defaultConfigurationName = Release;
		};
		69C174072A595B5B00EC91E1 /* Build configuration list for PBXNativeTarget "Sunny Side Up" */ = {
			isa = XCConfigurationList;
			buildConfigurations = (
				69C174082A595B5B00EC91E1 /* Debug */,
				69C174092A595B5B00EC91E1 /* Release */,
			);
			defaultConfigurationIsVisible = 0;
			defaultConfigurationName = Release;
		};
/* End XCConfigurationList section */
	};
	rootObject = 69C173F12A595B5900EC91E1 /* Project object */;
}
